
Microsoft Visual Studio Solution File, Format Version 12.00
# Visual Studio Version 17
VisualStudioVersion = 17.0.31903.59
MinimumVisualStudioVersion = 10.0.40219.1
Project("{FAE04EC0-301F-11D3-BF4B-00C04F79EFBC}") = "CreditCards.Api", "src\CreditCards.Api\CreditCards.Api.csproj", "{98241E28-44F6-DE70-58FA-7243CB568669}"
EndProject
Project("{FAE04EC0-301F-11D3-BF4B-00C04F79EFBC}") = "CreditProposals.Api", "src\CreditProposals.Api\CreditProposals.Api.csproj", "{86BB7D02-C1FD-E665-D8E4-749DC84252BA}"
EndProject
Project("{FAE04EC0-301F-11D3-BF4B-00C04F79EFBC}") = "Customers.Api", "src\Customers.Api\Customers.Api.csproj", "{B0AD0BC1-76BD-CC36-9DA5-FD01E5AB0C49}"
EndProject
Project("{FAE04EC0-301F-11D3-BF4B-00C04F79EFBC}") = "Contracts", "src\Contracts\Contracts.csproj", "{899D00B6-EBDA-4F50-9219-64D54CD6AFD1}"
EndProject
Project("{FAE04EC0-301F-11D3-BF4B-00C04F79EFBC}") = "Core", "src\Core\Core.csproj", "{D03F9B84-3C19-4F25-BFEE-214ACC3DC584}"
EndProject
Project("{FAE04EC0-301F-11D3-BF4B-00C04F79EFBC}") = "Messaging", "src\Messaging\Messaging.csproj", "{0880234B-4F3E-4A88-8C13-4AB3D4FAAEB4}"
EndProject
Global
	GlobalSection(SolutionConfigurationPlatforms) = preSolution
		Debug|Any CPU = Debug|Any CPU
		Debug|x64 = Debug|x64
		Debug|x86 = Debug|x86
		Release|Any CPU = Release|Any CPU
		Release|x64 = Release|x64
		Release|x86 = Release|x86
	EndGlobalSection
	GlobalSection(ProjectConfigurationPlatforms) = postSolution
		{98241E28-44F6-DE70-58FA-7243CB568669}.Debug|Any CPU.ActiveCfg = Debug|Any CPU
		{98241E28-44F6-DE70-58FA-7243CB568669}.Debug|Any CPU.Build.0 = Debug|Any CPU
		{98241E28-44F6-DE70-58FA-7243CB568669}.Debug|x64.ActiveCfg = Debug|Any CPU
		{98241E28-44F6-DE70-58FA-7243CB568669}.Debug|x64.Build.0 = Debug|Any CPU
		{98241E28-44F6-DE70-58FA-7243CB568669}.Debug|x86.ActiveCfg = Debug|Any CPU
		{98241E28-44F6-DE70-58FA-7243CB568669}.Debug|x86.Build.0 = Debug|Any CPU
		{98241E28-44F6-DE70-58FA-7243CB568669}.Release|Any CPU.ActiveCfg = Release|Any CPU
		{98241E28-44F6-DE70-58FA-7243CB568669}.Release|Any CPU.Build.0 = Release|Any CPU
		{98241E28-44F6-DE70-58FA-7243CB568669}.Release|x64.ActiveCfg = Release|Any CPU
		{98241E28-44F6-DE70-58FA-7243CB568669}.Release|x64.Build.0 = Release|Any CPU
		{98241E28-44F6-DE70-58FA-7243CB568669}.Release|x86.ActiveCfg = Release|Any CPU
		{98241E28-44F6-DE70-58FA-7243CB568669}.Release|x86.Build.0 = Release|Any CPU
		{86BB7D02-C1FD-E665-D8E4-749DC84252BA}.Debug|Any CPU.ActiveCfg = Debug|Any CPU
		{86BB7D02-C1FD-E665-D8E4-749DC84252BA}.Debug|Any CPU.Build.0 = Debug|Any CPU
		{86BB7D02-C1FD-E665-D8E4-749DC84252BA}.Debug|x64.ActiveCfg = Debug|Any CPU
		{86BB7D02-C1FD-E665-D8E4-749DC84252BA}.Debug|x64.Build.0 = Debug|Any CPU
		{86BB7D02-C1FD-E665-D8E4-749DC84252BA}.Debug|x86.ActiveCfg = Debug|Any CPU
		{86BB7D02-C1FD-E665-D8E4-749DC84252BA}.Debug|x86.Build.0 = Debug|Any CPU
		{86BB7D02-C1FD-E665-D8E4-749DC84252BA}.Release|Any CPU.ActiveCfg = Release|Any CPU
		{86BB7D02-C1FD-E665-D8E4-749DC84252BA}.Release|Any CPU.Build.0 = Release|Any CPU
		{86BB7D02-C1FD-E665-D8E4-749DC84252BA}.Release|x64.ActiveCfg = Release|Any CPU
		{86BB7D02-C1FD-E665-D8E4-749DC84252BA}.Release|x64.Build.0 = Release|Any CPU
		{86BB7D02-C1FD-E665-D8E4-749DC84252BA}.Release|x86.ActiveCfg = Release|Any CPU
		{86BB7D02-C1FD-E665-D8E4-749DC84252BA}.Release|x86.Build.0 = Release|Any CPU
		{B0AD0BC1-76BD-CC36-9DA5-FD01E5AB0C49}.Debug|Any CPU.ActiveCfg = Debug|Any CPU
		{B0AD0BC1-76BD-CC36-9DA5-FD01E5AB0C49}.Debug|Any CPU.Build.0 = Debug|Any CPU
		{B0AD0BC1-76BD-CC36-9DA5-FD01E5AB0C49}.Debug|x64.ActiveCfg = Debug|Any CPU
		{B0AD0BC1-76BD-CC36-9DA5-FD01E5AB0C49}.Debug|x64.Build.0 = Debug|Any CPU
		{B0AD0BC1-76BD-CC36-9DA5-FD01E5AB0C49}.Debug|x86.ActiveCfg = Debug|Any CPU
		{B0AD0BC1-76BD-CC36-9DA5-FD01E5AB0C49}.Debug|x86.Build.0 = Debug|Any CPU
		{B0AD0BC1-76BD-CC36-9DA5-FD01E5AB0C49}.Release|Any CPU.ActiveCfg = Release|Any CPU
		{B0AD0BC1-76BD-CC36-9DA5-FD01E5AB0C49}.Release|Any CPU.Build.0 = Release|Any CPU
		{B0AD0BC1-76BD-CC36-9DA5-FD01E5AB0C49}.Release|x64.ActiveCfg = Release|Any CPU
		{B0AD0BC1-76BD-CC36-9DA5-FD01E5AB0C49}.Release|x64.Build.0 = Release|Any CPU
		{B0AD0BC1-76BD-CC36-9DA5-FD01E5AB0C49}.Release|x86.ActiveCfg = Release|Any CPU
		{B0AD0BC1-76BD-CC36-9DA5-FD01E5AB0C49}.Release|x86.Build.0 = Release|Any CPU
		{899D00B6-EBDA-4F50-9219-64D54CD6AFD1}.Debug|Any CPU.ActiveCfg = Debug|Any CPU
		{899D00B6-EBDA-4F50-9219-64D54CD6AFD1}.Debug|Any CPU.Build.0 = Debug|Any CPU
		{899D00B6-EBDA-4F50-9219-64D54CD6AFD1}.Debug|x64.ActiveCfg = Debug|Any CPU
		{899D00B6-EBDA-4F50-9219-64D54CD6AFD1}.Debug|x64.Build.0 = Debug|Any CPU
		{899D00B6-EBDA-4F50-9219-64D54CD6AFD1}.Debug|x86.ActiveCfg = Debug|Any CPU
		{899D00B6-EBDA-4F50-9219-64D54CD6AFD1}.Debug|x86.Build.0 = Debug|Any CPU
		{899D00B6-EBDA-4F50-9219-64D54CD6AFD1}.Release|Any CPU.ActiveCfg = Release|Any CPU
		{899D00B6-EBDA-4F50-9219-64D54CD6AFD1}.Release|Any CPU.Build.0 = Release|Any CPU
		{899D00B6-EBDA-4F50-9219-64D54CD6AFD1}.Release|x64.ActiveCfg = Release|Any CPU
		{899D00B6-EBDA-4F50-9219-64D54CD6AFD1}.Release|x64.Build.0 = Release|Any CPU
		{899D00B6-EBDA-4F50-9219-64D54CD6AFD1}.Release|x86.ActiveCfg = Release|Any CPU
		{899D00B6-EBDA-4F50-9219-64D54CD6AFD1}.Release|x86.Build.0 = Release|Any CPU
		{D03F9B84-3C19-4F25-BFEE-214ACC3DC584}.Debug|Any CPU.ActiveCfg = Debug|Any CPU
		{D03F9B84-3C19-4F25-BFEE-214ACC3DC584}.Debug|Any CPU.Build.0 = Debug|Any CPU
		{D03F9B84-3C19-4F25-BFEE-214ACC3DC584}.Debug|x64.ActiveCfg = Debug|Any CPU
		{D03F9B84-3C19-4F25-BFEE-214ACC3DC584}.Debug|x64.Build.0 = Debug|Any CPU
		{D03F9B84-3C19-4F25-BFEE-214ACC3DC584}.Debug|x86.ActiveCfg = Debug|Any CPU
		{D03F9B84-3C19-4F25-BFEE-214ACC3DC584}.Debug|x86.Build.0 = Debug|Any CPU
		{D03F9B84-3C19-4F25-BFEE-214ACC3DC584}.Release|Any CPU.ActiveCfg = Release|Any CPU
		{D03F9B84-3C19-4F25-BFEE-214ACC3DC584}.Release|Any CPU.Build.0 = Release|Any CPU
		{D03F9B84-3C19-4F25-BFEE-214ACC3DC584}.Release|x64.ActiveCfg = Release|Any CPU
		{D03F9B84-3C19-4F25-BFEE-214ACC3DC584}.Release|x64.Build.0 = Release|Any CPU
		{D03F9B84-3C19-4F25-BFEE-214ACC3DC584}.Release|x86.ActiveCfg = Release|Any CPU
		{D03F9B84-3C19-4F25-BFEE-214ACC3DC584}.Release|x86.Build.0 = Release|Any CPU
		{0880234B-4F3E-4A88-8C13-4AB3D4FAAEB4}.Debug|Any CPU.ActiveCfg = Debug|Any CPU
		{0880234B-4F3E-4A88-8C13-4AB3D4FAAEB4}.Debug|Any CPU.Build.0 = Debug|Any CPU
		{0880234B-4F3E-4A88-8C13-4AB3D4FAAEB4}.Debug|x64.ActiveCfg = Debug|Any CPU
		{0880234B-4F3E-4A88-8C13-4AB3D4FAAEB4}.Debug|x64.Build.0 = Debug|Any CPU
		{0880234B-4F3E-4A88-8C13-4AB3D4FAAEB4}.Debug|x86.ActiveCfg = Debug|Any CPU
		{0880234B-4F3E-4A88-8C13-4AB3D4FAAEB4}.Debug|x86.Build.0 = Debug|Any CPU
		{0880234B-4F3E-4A88-8C13-4AB3D4FAAEB4}.Release|Any CPU.ActiveCfg = Release|Any CPU
		{0880234B-4F3E-4A88-8C13-4AB3D4FAAEB4}.Release|Any CPU.Build.0 = Release|Any CPU
		{0880234B-4F3E-4A88-8C13-4AB3D4FAAEB4}.Release|x64.ActiveCfg = Release|Any CPU
		{0880234B-4F3E-4A88-8C13-4AB3D4FAAEB4}.Release|x64.Build.0 = Release|Any CPU
		{0880234B-4F3E-4A88-8C13-4AB3D4FAAEB4}.Release|x86.ActiveCfg = Release|Any CPU
		{0880234B-4F3E-4A88-8C13-4AB3D4FAAEB4}.Release|x86.Build.0 = Release|Any CPU
	EndGlobalSection
	GlobalSection(SolutionProperties) = preSolution
		HideSolutionNode = FALSE
	EndGlobalSection
	GlobalSection(ExtensibilityGlobals) = postSolution
		SolutionGuid = {8547CB81-3133-4550-8BEC-404BF4EB3F63}
	EndGlobalSection
EndGlobal
